# This file is autogenerated, do not edit; changes may be undone by the next 'dep ensure'.


[[projects]]
  digest = "1:f185feea652cdd12ed1683601cfeffd09c081995fc8140de046d8910709ac3dc"
  name = "github.com/mailru/easyjson"
  packages = [
    ".",
    "buffer",
    "jlexer",
    "jwriter",
  ]
  pruneopts = "UT"
  revision = "8edcc4e51f39ddbd3505a3386aff3f435a7fd028"
  version = "v0.7.1"

[[projects]]
  digest = "1:472d8e23e172bbd04985f64afad9e0cab315386d490a63501f9f37152434ebd8"
  name = "github.com/montanaflynn/stats"
  packages = ["."]
  pruneopts = "UT"
  revision = "7716e4c14e5729d92dff8c89600a0345d61ef698"
  version = "v0.6.3"

[[projects]]
  digest = "1:4f20e86a1bcec1823161483f2eca697974867f798e18f2121246f012635fe95f"
  name = "github.com/olivere/elastic"
  packages = [
    "config",
    "uritemplates",
  ]
  pruneopts = "UT"
  revision = "286038ebd2e10cecd28225021dc6871f77beb1f6"
  version = "v7.0.14"

[[projects]]
  digest = "1:11e62d6050198055e6cd87ed57e5d8c669e84f839c16e16f192374d913d1a70d"
  name = "github.com/opentracing/opentracing-go"
  packages = [
    ".",
    "ext",
    "log",
  ]
  pruneopts = "UT"
  revision = "659c90643e714681897ec2521c60567dd21da733"
  version = "v1.1.0"

[[projects]]
  digest = "1:9e1d37b58d17113ec3cb5608ac0382313c5b59470b94ed97d0976e69c7022314"
  name = "github.com/pkg/errors"
  packages = ["."]
  pruneopts = "UT"
  revision = "614d223910a179a466c1767a985424175c39b465"
  version = "v0.9.1"

[[projects]]
  digest = "1:2e76a73cb51f42d63a2a1a85b3dc5731fd4faf6821b434bd0ef2c099186031d6"
  name = "github.com/rs/xid"
  packages = ["."]
  pruneopts = "UT"
  revision = "15d26544def341f036c5f8dca987a4cbe575032c"
  version = "v1.2.1"

[[projects]]
  digest = "1:ac807e298762bb5f57e857f7a6860a953a89e15301f245c9836b34e388991d07"
  name = "github.com/rs/zerolog"
  packages = [
    ".",
    "internal/cbor",
    "internal/json",
  ]
  pruneopts = "UT"
  revision = "f7c93dce1c970bb6e76646ef657fd55b066d0b45"
  version = "v1.18.0"

[[projects]]
  branch = "master"
  digest = "1:c97a53e7a71f0d0896dcc805767c6beee29d7fba89a0658ca49d50e99b6d805f"
  name = "github.com/tokopedia/tdk"
  packages = [
    "go/env",
    "go/log",
    "go/log/logger",
    "go/log/logger/zerolog",
    "go/tracer",
    "x/go/errors",
  ]
  pruneopts = "UT"
  revision = "7a7eb1fdd8fe5acdc97b34615dd5c86fc0f72712"

[[projects]]
  digest = "1:54bf58828a4074c2304fcc52f018eb19fc02d5853ebd5121817330792c776734"
  name = "github.com/uber/jaeger-client-go"
  packages = [
    ".",
    "config",
    "internal/baggage",
    "internal/baggage/remote",
    "internal/reporterstats",
    "internal/spanlog",
    "internal/throttler",
    "internal/throttler/remote",
    "log",
    "rpcmetrics",
    "thrift",
    "thrift-gen/agent",
    "thrift-gen/baggage",
    "thrift-gen/jaeger",
    "thrift-gen/sampling",
    "thrift-gen/zipkincore",
    "transport",
    "utils",
  ]
  pruneopts = "UT"
  revision = "2d55657eac169e2a86b4fcc1a421e26a9a485b63"
  version = "v2.22.1"

[[projects]]
  digest = "1:d7b6fd08442b8d26882fae2c859a0d63962d72a533476a217d46743ed30cb803"
  name = "github.com/uber/jaeger-lib"
  packages = ["metrics"]
  pruneopts = "UT"
  revision = "a87ae9d84fb038a8d79266298970720be7c80fcd"
  version = "v2.2.0"

[[projects]]
  digest = "1:19525e48b45af69339bd7c2812137dbd1e650a78fc09c7c75482e307d51aa28d"
  name = "go.uber.org/atomic"
  packages = ["."]
  pruneopts = "UT"
  revision = "845920076a298bdb984fb0f1b86052e4ca0a281c"
  version = "v1.6.0"

[[projects]]
  digest = "1:5254c447ce2322653a9b955c1665506342ff51e6641875921dc266133be21f79"
  name = "gonum.org/v1/gonum"
  packages = [
    "blas",
    "blas/blas64",
    "blas/cblas128",
    "blas/gonum",
    "floats",
    "internal/asm/c128",
    "internal/asm/c64",
    "internal/asm/f32",
    "internal/asm/f64",
    "internal/cmplx64",
    "internal/math32",
    "lapack",
    "lapack/gonum",
    "lapack/lapack64",
    "mat",
    "stat",
  ]
  pruneopts = "UT"
  revision = "402b1e2868774b0eee0ec7c85bb9a7b36cf650ae"
  version = "v0.6.2"

[[projects]]
  digest = "1:ae3fe5e38427ff265c774c2d16618ec499ab9824c152885ece14d4fee76f396b"
  name = "gopkg.in/olivere/elastic.v6"
  packages = ["."]
  pruneopts = "UT"
  revision = "6d72ac67c47a453217035349c64f202841fce2d8"
  version = "v6.2.30"

[solve-meta]
  analyzer-name = "dep"
  analyzer-version = 1
  input-imports = [
    "github.com/montanaflynn/stats",
    "github.com/tokopedia/tdk/go/log",
    "github.com/tokopedia/tdk/go/tracer",
    "gonum.org/v1/gonum/stat",
    "gopkg.in/olivere/elastic.v6",
  ]
  solver-name = "gps-cdcl"
  solver-version = 1
